// !$*UTF8*$!
{
	archiveVersion = 1;
	classes = {
	};
	objectVersion = 46;
	objects = {

/* Begin PBXBuildFile section */
		8B1EA078169ED3A0004E4254 /* UIKit.framework in Frameworks */ = {isa = PBXBuildFile; fileRef = 8B1EA077169ED3A0004E4254 /* UIKit.framework */; };
		8B1EA07A169ED3A0004E4254 /* Foundation.framework in Frameworks */ = {isa = PBXBuildFile; fileRef = 8B1EA079169ED3A0004E4254 /* Foundation.framework */; };
		8B1EA07C169ED3A0004E4254 /* CoreGraphics.framework in Frameworks */ = {isa = PBXBuildFile; fileRef = 8B1EA07B169ED3A0004E4254 /* CoreGraphics.framework */; };
		8B1EA082169ED3A0004E4254 /* InfoPlist.strings in Resources */ = {isa = PBXBuildFile; fileRef = 8B1EA080169ED3A0004E4254 /* InfoPlist.strings */; };
		8B1EA095169ED444004E4254 /* main.c in Sources */ = {isa = PBXBuildFile; fileRef = 8B1EA094169ED444004E4254 /* main.c */; };
		8B1EA09C169ED498004E4254 /* Helpers.m in Sources */ = {isa = PBXBuildFile; fileRef = 8B1EA09B169ED497004E4254 /* Helpers.m */; };
		8B1EA0A7169ED7B1004E4254 /* AudioToolbox.framework in Frameworks */ = {isa = PBXBuildFile; fileRef = 8B1EA0A5169ED787004E4254 /* AudioToolbox.framework */; };
		8B1EA0A8169ED7B1004E4254 /* OpenGLES.framework in Frameworks */ = {isa = PBXBuildFile; fileRef = 8B1EA0A3169ED780004E4254 /* OpenGLES.framework */; };
		8B1EA0A9169ED7B1004E4254 /* QuartzCore.framework in Frameworks */ = {isa = PBXBuildFile; fileRef = 8B1EA0A1169ED77B004E4254 /* QuartzCore.framework */; };
		8B1EA0AA169ED7B1004E4254 /* ImageIO.framework in Frameworks */ = {isa = PBXBuildFile; fileRef = 8B1EA09F169ED775004E4254 /* ImageIO.framework */; };
		8B1EA0AB169ED7B1004E4254 /* MobileCoreServices.framework in Frameworks */ = {isa = PBXBuildFile; fileRef = 8B1EA09D169ED76D004E4254 /* MobileCoreServices.framework */; };
		8B1EA0CA169ED854004E4254 /* libz.dylib in Frameworks */ = {isa = PBXBuildFile; fileRef = 8B1EA0C8169ED84D004E4254 /* libz.dylib */; };
		8B1EA0CD169ED89F004E4254 /* scripts in Resources */ = {isa = PBXBuildFile; fileRef = 8B1EA0CC169ED89F004E4254 /* scripts */; };
		8B1EA0CF169ED92A004E4254 /* include in Resources */ = {isa = PBXBuildFile; fileRef = 8B1EA0CE169ED92A004E4254 /* include */; };
		8B1EA0D1169ED943004E4254 /* lib in Resources */ = {isa = PBXBuildFile; fileRef = 8B1EA0D0169ED943004E4254 /* lib */; };
		8B7C60A1174003F000805B95 /* Icon-72.png in Resources */ = {isa = PBXBuildFile; fileRef = 8B7C6099174003F000805B95 /* Icon-72.png */; };
		8B7C60A2174003F000805B95 /* Icon-72@2x.png in Resources */ = {isa = PBXBuildFile; fileRef = 8B7C609A174003F000805B95 /* Icon-72@2x.png */; };
		8B7C60A3174003F000805B95 /* Icon-Small-50.png in Resources */ = {isa = PBXBuildFile; fileRef = 8B7C609B174003F000805B95 /* Icon-Small-50.png */; };
		8B7C60A4174003F000805B95 /* Icon-Small-50@2x.png in Resources */ = {isa = PBXBuildFile; fileRef = 8B7C609C174003F000805B95 /* Icon-Small-50@2x.png */; };
		8B7C60A5174003F000805B95 /* Icon-Small.png in Resources */ = {isa = PBXBuildFile; fileRef = 8B7C609D174003F000805B95 /* Icon-Small.png */; };
		8B7C60A6174003F000805B95 /* Icon-Small@2x.png in Resources */ = {isa = PBXBuildFile; fileRef = 8B7C609E174003F000805B95 /* Icon-Small@2x.png */; };
		8B7C60A7174003F000805B95 /* Icon.png in Resources */ = {isa = PBXBuildFile; fileRef = 8B7C609F174003F000805B95 /* Icon.png */; };
		8B7C60A8174003F000805B95 /* Icon@2x.png in Resources */ = {isa = PBXBuildFile; fileRef = 8B7C60A0174003F000805B95 /* Icon@2x.png */; };
		8B7C60AE1740159E00805B95 /* Default-568h@2x.png in Resources */ = {isa = PBXBuildFile; fileRef = 8B7C60A91740159E00805B95 /* Default-568h@2x.png */; };
		8B7C60AF1740159E00805B95 /* Default-Landscape@2x~ipad.png in Resources */ = {isa = PBXBuildFile; fileRef = 8B7C60AA1740159E00805B95 /* Default-Landscape@2x~ipad.png */; };
		8B7C60B01740159E00805B95 /* Default-Landscape~ipad.png in Resources */ = {isa = PBXBuildFile; fileRef = 8B7C60AB1740159E00805B95 /* Default-Landscape~ipad.png */; };
		8B7C60B11740159E00805B95 /* Default.png in Resources */ = {isa = PBXBuildFile; fileRef = 8B7C60AC1740159E00805B95 /* Default.png */; };
		8B7C60B21740159E00805B95 /* Default@2x.png in Resources */ = {isa = PBXBuildFile; fileRef = 8B7C60AD1740159E00805B95 /* Default@2x.png */; };
		8BADC7471936270400112CD1 /* Icon-60@2x.png in Resources */ = {isa = PBXBuildFile; fileRef = 8BADC7421936270300112CD1 /* Icon-60@2x.png */; };
		8BADC7481936270400112CD1 /* Icon-76.png in Resources */ = {isa = PBXBuildFile; fileRef = 8BADC7431936270300112CD1 /* Icon-76.png */; };
		8BADC7491936270400112CD1 /* Icon-76@2x.png in Resources */ = {isa = PBXBuildFile; fileRef = 8BADC7441936270300112CD1 /* Icon-76@2x.png */; };
		8BADC74A1936270400112CD1 /* Icon-Small-40.png in Resources */ = {isa = PBXBuildFile; fileRef = 8BADC7451936270300112CD1 /* Icon-Small-40.png */; };
		8BADC74B1936270400112CD1 /* Icon-Small-40@2x.png in Resources */ = {isa = PBXBuildFile; fileRef = 8BADC7461936270300112CD1 /* Icon-Small-40@2x.png */; };
/* End PBXBuildFile section */

/* Begin PBXFileReference section */
		8B1EA073169ED3A0004E4254 /* ##APPNAME##.app */ = {isa = PBXFileReference; explicitFileType = wrapper.application; includeInIndex = 0; path = "##APPNAME##.app"; sourceTree = BUILT_PRODUCTS_DIR; };
		8B1EA077169ED3A0004E4254 /* UIKit.framework */ = {isa = PBXFileReference; lastKnownFileType = wrapper.framework; name = UIKit.framework; path = System/Library/Frameworks/UIKit.framework; sourceTree = SDKROOT; };
		8B1EA079169ED3A0004E4254 /* Foundation.framework */ = {isa = PBXFileReference; lastKnownFileType = wrapper.framework; name = Foundation.framework; path = System/Library/Frameworks/Foundation.framework; sourceTree = SDKROOT; };
		8B1EA07B169ED3A0004E4254 /* CoreGraphics.framework */ = {isa = PBXFileReference; lastKnownFileType = wrapper.framework; name = CoreGraphics.framework; path = System/Library/Frameworks/CoreGraphics.framework; sourceTree = SDKROOT; };
		8B1EA07F169ED3A0004E4254 /* ##APPID##-Info.plist */ = {isa = PBXFileReference; lastKnownFileType = text.plist.xml; path = "##APPID##-Info.plist"; sourceTree = "<group>"; };
		8B1EA081169ED3A0004E4254 /* en */ = {isa = PBXFileReference; lastKnownFileType = text.plist.strings; name = en; path = en.lproj/InfoPlist.strings; sourceTree = "<group>"; };
		8B1EA094169ED444004E4254 /* main.c */ = {isa = PBXFileReference; fileEncoding = 4; lastKnownFileType = sourcecode.c.c; path = main.c; sourceTree = "<group>"; };
		8B1EA09A169ED497004E4254 /* Helpers.h */ = {isa = PBXFileReference; fileEncoding = 4; lastKnownFileType = sourcecode.c.h; path = Helpers.h; sourceTree = "<group>"; };
		8B1EA09B169ED497004E4254 /* Helpers.m */ = {isa = PBXFileReference; fileEncoding = 4; lastKnownFileType = sourcecode.c.objc; path = Helpers.m; sourceTree = "<group>"; };
		8B1EA09D169ED76D004E4254 /* MobileCoreServices.framework */ = {isa = PBXFileReference; lastKnownFileType = wrapper.framework; name = MobileCoreServices.framework; path = System/Library/Frameworks/MobileCoreServices.framework; sourceTree = SDKROOT; };
		8B1EA09F169ED775004E4254 /* ImageIO.framework */ = {isa = PBXFileReference; lastKnownFileType = wrapper.framework; name = ImageIO.framework; path = System/Library/Frameworks/ImageIO.framework; sourceTree = SDKROOT; };
		8B1EA0A1169ED77B004E4254 /* QuartzCore.framework */ = {isa = PBXFileReference; lastKnownFileType = wrapper.framework; name = QuartzCore.framework; path = System/Library/Frameworks/QuartzCore.framework; sourceTree = SDKROOT; };
		8B1EA0A3169ED780004E4254 /* OpenGLES.framework */ = {isa = PBXFileReference; lastKnownFileType = wrapper.framework; name = OpenGLES.framework; path = System/Library/Frameworks/OpenGLES.framework; sourceTree = SDKROOT; };
		8B1EA0A5169ED787004E4254 /* AudioToolbox.framework */ = {isa = PBXFileReference; lastKnownFileType = wrapper.framework; name = AudioToolbox.framework; path = System/Library/Frameworks/AudioToolbox.framework; sourceTree = SDKROOT; };
		8B1EA0C8169ED84D004E4254 /* libz.dylib */ = {isa = PBXFileReference; lastKnownFileType = "compiled.mach-o.dylib"; name = libz.dylib; path = usr/lib/libz.dylib; sourceTree = SDKROOT; };
		8B1EA0CC169ED89F004E4254 /* scripts */ = {isa = PBXFileReference; lastKnownFileType = folder; name = scripts; path = ##APPID##/scripts; sourceTree = "<group>"; };
		8B1EA0CE169ED92A004E4254 /* include */ = {isa = PBXFileReference; lastKnownFileType = folder; name = include; path = ../dependencies/build/release/python/embed/include; sourceTree = "<group>"; };
		8B1EA0D0169ED943004E4254 /* lib */ = {isa = PBXFileReference; lastKnownFileType = folder; name = lib; path = ../dependencies/build/release/python/lib; sourceTree = "<group>"; };
		8B7C6099174003F000805B95 /* Icon-72.png */ = {isa = PBXFileReference; lastKnownFileType = image.png; name = "Icon-72.png"; path = "##APPID##/icons/Icon-72.png"; sourceTree = "<group>"; };
		8B7C609A174003F000805B95 /* Icon-72@2x.png */ = {isa = PBXFileReference; lastKnownFileType = image.png; name = "Icon-72@2x.png"; path = "##APPID##/icons/Icon-72@2x.png"; sourceTree = "<group>"; };
		8B7C609B174003F000805B95 /* Icon-Small-50.png */ = {isa = PBXFileReference; lastKnownFileType = image.png; name = "Icon-Small-50.png"; path = "##APPID##/icons/Icon-Small-50.png"; sourceTree = "<group>"; };
		8B7C609C174003F000805B95 /* Icon-Small-50@2x.png */ = {isa = PBXFileReference; lastKnownFileType = image.png; name = "Icon-Small-50@2x.png"; path = "##APPID##/icons/Icon-Small-50@2x.png"; sourceTree = "<group>"; };
		8B7C609D174003F000805B95 /* Icon-Small.png */ = {isa = PBXFileReference; lastKnownFileType = image.png; name = "Icon-Small.png"; path = "##APPID##/icons/Icon-Small.png"; sourceTree = "<group>"; };
		8B7C609E174003F000805B95 /* Icon-Small@2x.png */ = {isa = PBXFileReference; lastKnownFileType = image.png; name = "Icon-Small@2x.png"; path = "##APPID##/icons/Icon-Small@2x.png"; sourceTree = "<group>"; };
		8B7C609F174003F000805B95 /* Icon.png */ = {isa = PBXFileReference; lastKnownFileType = image.png; name = Icon.png; path = ##APPID##/icons/Icon.png; sourceTree = "<group>"; };
		8B7C60A0174003F000805B95 /* Icon@2x.png */ = {isa = PBXFileReference; lastKnownFileType = image.png; name = "Icon@2x.png"; path = "##APPID##/icons/Icon@2x.png"; sourceTree = "<group>"; };
		8B7C60A91740159E00805B95 /* Default-568h@2x.png */ = {isa = PBXFileReference; lastKnownFileType = image.png; name = "Default-568h@2x.png"; path = "##APPID##/launchimages/Default-568h@2x.png"; sourceTree = "<group>"; };
		8B7C60AA1740159E00805B95 /* Default-Landscape@2x~ipad.png */ = {isa = PBXFileReference; lastKnownFileType = image.png; name = "Default-Landscape@2x~ipad.png"; path = "##APPID##/launchimages/Default-Landscape@2x~ipad.png"; sourceTree = "<group>"; };
		8B7C60AB1740159E00805B95 /* Default-Landscape~ipad.png */ = {isa = PBXFileReference; lastKnownFileType = image.png; name = "Default-Landscape~ipad.png"; path = "##APPID##/launchimages/Default-Landscape~ipad.png"; sourceTree = "<group>"; };
		8B7C60AC1740159E00805B95 /* Default.png */ = {isa = PBXFileReference; lastKnownFileType = image.png; name = Default.png; path = ##APPID##/launchimages/Default.png; sourceTree = "<group>"; };
		8B7C60AD1740159E00805B95 /* Default@2x.png */ = {isa = PBXFileReference; lastKnownFileType = image.png; name = "Default@2x.png"; path = "##APPID##/launchimages/Default@2x.png"; sourceTree = "<group>"; };
		8BADC7421936270300112CD1 /* Icon-60@2x.png */ = {isa = PBXFileReference; lastKnownFileType = image.png; name = "Icon-60@2x.png"; path = "##APPID##/icons/Icon-60@2x.png"; sourceTree = "<group>"; };
		8BADC7431936270300112CD1 /* Icon-76.png */ = {isa = PBXFileReference; lastKnownFileType = image.png; name = "Icon-76.png"; path = "##APPID##/icons/Icon-76.png"; sourceTree = "<group>"; };
		8BADC7441936270300112CD1 /* Icon-76@2x.png */ = {isa = PBXFileReference; lastKnownFileType = image.png; name = "Icon-76@2x.png"; path = "##APPID##/icons/Icon-76@2x.png"; sourceTree = "<group>"; };
		8BADC7451936270300112CD1 /* Icon-Small-40.png */ = {isa = PBXFileReference; lastKnownFileType = image.png; name = "Icon-Small-40.png"; path = "##APPID##/icons/Icon-Small-40.png"; sourceTree = "<group>"; };
		8BADC7461936270300112CD1 /* Icon-Small-40@2x.png */ = {isa = PBXFileReference; lastKnownFileType = image.png; name = "Icon-Small-40@2x.png"; path = "##APPID##/icons/Icon-Small-40@2x.png"; sourceTree = "<group>"; };
/* End PBXFileReference section */

/* Begin PBXFrameworksBuildPhase section */
		8B1EA070169ED3A0004E4254 /* Frameworks */ = {
			isa = PBXFrameworksBuildPhase;
			buildActionMask = 2147483647;
			files = (
				8B1EA0CA169ED854004E4254 /* libz.dylib in Frameworks */,
				8B1EA0A7169ED7B1004E4254 /* AudioToolbox.framework in Frameworks */,
				8B1EA0A8169ED7B1004E4254 /* OpenGLES.framework in Frameworks */,
				8B1EA0A9169ED7B1004E4254 /* QuartzCore.framework in Frameworks */,
				8B1EA0AA169ED7B1004E4254 /* ImageIO.framework in Frameworks */,
				8B1EA0AB169ED7B1004E4254 /* MobileCoreServices.framework in Frameworks */,
				8B1EA078169ED3A0004E4254 /* UIKit.framework in Frameworks */,
				8B1EA07A169ED3A0004E4254 /* Foundation.framework in Frameworks */,
				8B1EA07C169ED3A0004E4254 /* CoreGraphics.framework in Frameworks */,
			);
			runOnlyForDeploymentPostprocessing = 0;
		};
/* End PBXFrameworksBuildPhase section */

/* Begin PBXGroup section */
		8B1EA068169ED3A0004E4254 = {
			isa = PBXGroup;
			children = (
				8B1EA07D169ED3A0004E4254 /* ##APPID## */,
				8B1EA0CB169ED87D004E4254 /* Resources */,
				8B1EA076169ED3A0004E4254 /* Frameworks */,
				8B1EA074169ED3A0004E4254 /* Products */,
			);
			sourceTree = "<group>";
		};
		8B1EA074169ED3A0004E4254 /* Products */ = {
			isa = PBXGroup;
			children = (
				8B1EA073169ED3A0004E4254 /* ##APPNAME##.app */,
			);
			name = Products;
			sourceTree = "<group>";
		};
		8B1EA076169ED3A0004E4254 /* Frameworks */ = {
			isa = PBXGroup;
			children = (
				8B1EA0C8169ED84D004E4254 /* libz.dylib */,
				8B1EA0AC169ED815004E4254 /* libavcodec.a */,
				8B1EA0AD169ED815004E4254 /* libavformat.a */,
				8B1EA0AE169ED815004E4254 /* libavutil.a */,
				8B1EA0AF169ED815004E4254 /* libfreetype.a */,
				8B1EA0B0169ED815004E4254 /* libfribidi.a */,
				8B1EA0B1169ED815004E4254 /* libjpeg.a */,
				8B1EA0B2169ED815004E4254 /* libpng12.a */,
				8B1EA0B3169ED815004E4254 /* libpygame.a */,
				8B1EA0B4169ED815004E4254 /* libpython2.7.a */,
				8B1EA0B5169ED815004E4254 /* librenpy.a */,
				8B1EA0B6169ED815004E4254 /* libSDL.a */,
				8B1EA0B7169ED815004E4254 /* libSDL2_image.a */,
				8B1EA0B8169ED815004E4254 /* libSDL2_ttf.a */,
				8B1EA0B9169ED815004E4254 /* libswscale.a */,
				8B1EA0A5169ED787004E4254 /* AudioToolbox.framework */,
				8B1EA0A3169ED780004E4254 /* OpenGLES.framework */,
				8B1EA0A1169ED77B004E4254 /* QuartzCore.framework */,
				8B1EA09F169ED775004E4254 /* ImageIO.framework */,
				8B1EA09D169ED76D004E4254 /* MobileCoreServices.framework */,
				8B1EA077169ED3A0004E4254 /* UIKit.framework */,
				8B1EA079169ED3A0004E4254 /* Foundation.framework */,
				8B1EA07B169ED3A0004E4254 /* CoreGraphics.framework */,
			);
			name = Frameworks;
			sourceTree = "<group>";
		};
		8B1EA07D169ED3A0004E4254 /* ##APPID## */ = {
			isa = PBXGroup;
			children = (
				8B1EA07E169ED3A0004E4254 /* Supporting Files */,
				8B1EA094169ED444004E4254 /* main.c */,
				8B1EA09A169ED497004E4254 /* Helpers.h */,
				8B1EA09B169ED497004E4254 /* Helpers.m */,
			);
			path = ##APPID##;
			sourceTree = "<group>";
		};
		8B1EA07E169ED3A0004E4254 /* Supporting Files */ = {
			isa = PBXGroup;
			children = (
				8B1EA07F169ED3A0004E4254 /* ##APPID##-Info.plist */,
				8B1EA080169ED3A0004E4254 /* InfoPlist.strings */,
			);
			name = "Supporting Files";
			sourceTree = "<group>";
		};
		8B1EA0CB169ED87D004E4254 /* Resources */ = {
			isa = PBXGroup;
			children = (
				8BADC7421936270300112CD1 /* Icon-60@2x.png */,
				8BADC7431936270300112CD1 /* Icon-76.png */,
				8BADC7441936270300112CD1 /* Icon-76@2x.png */,
				8BADC7451936270300112CD1 /* Icon-Small-40.png */,
				8BADC7461936270300112CD1 /* Icon-Small-40@2x.png */,
				8B7C60A91740159E00805B95 /* Default-568h@2x.png */,
				8B7C60AA1740159E00805B95 /* Default-Landscape@2x~ipad.png */,
				8B7C60AB1740159E00805B95 /* Default-Landscape~ipad.png */,
				8B7C60AC1740159E00805B95 /* Default.png */,
				8B7C60AD1740159E00805B95 /* Default@2x.png */,
				8B7C6099174003F000805B95 /* Icon-72.png */,
				8B7C609A174003F000805B95 /* Icon-72@2x.png */,
				8B7C609B174003F000805B95 /* Icon-Small-50.png */,
				8B7C609C174003F000805B95 /* Icon-Small-50@2x.png */,
				8B7C609D174003F000805B95 /* Icon-Small.png */,
				8B7C609E174003F000805B95 /* Icon-Small@2x.png */,
				8B7C609F174003F000805B95 /* Icon.png */,
				8B7C60A0174003F000805B95 /* Icon@2x.png */,
				8B1EA0D0169ED943004E4254 /* lib */,
				8B1EA0CE169ED92A004E4254 /* include */,
				8B1EA0CC169ED89F004E4254 /* scripts */,
			);
			name = Resources;
			sourceTree = "<group>";
		};
/* End PBXGroup section */

/* Begin PBXNativeTarget section */
		8B1EA072169ED3A0004E4254 /* ##APPNAME## */ = {
			isa = PBXNativeTarget;
			buildConfigurationList = 8B1EA091169ED3A0004E4254 /* Build configuration list for PBXNativeTarget "##APPID##" */;
			buildPhases = (
				8B1EA06F169ED3A0004E4254 /* Sources */,
				8B1EA070169ED3A0004E4254 /* Frameworks */,
				8B1EA071169ED3A0004E4254 /* Resources */,
			);
			buildRules = (
			);
			dependencies = (
			);
			name = "##APPNAME##";
			productName = ##APPID##;
			productReference = 8B1EA073169ED3A0004E4254 /* ##APPNAME##.app */;
			productType = "com.apple.product-type.application";
		};
/* End PBXNativeTarget section */

/* Begin PBXProject section */
		8B1EA06A169ED3A0004E4254 /* Project object */ = {
			isa = PBXProject;
			attributes = {
				LastUpgradeCheck = 0450;
			};
			buildConfigurationList = 8B1EA06D169ED3A0004E4254 /* Build configuration list for PBXProject "##APPID##" */;
			compatibilityVersion = "Xcode 3.2";
			developmentRegion = English;
			hasScannedForEncodings = 0;
			knownRegions = (
				en,
			);
			mainGroup = 8B1EA068169ED3A0004E4254;
			productRefGroup = 8B1EA074169ED3A0004E4254 /* Products */;
			projectDirPath = "";
			projectRoot = "";
			targets = (
				8B1EA072169ED3A0004E4254 /* ##APPID## */,
			);
		};
/* End PBXProject section */

/* Begin PBXResourcesBuildPhase section */
		8B1EA071169ED3A0004E4254 /* Resources */ = {
			isa = PBXResourcesBuildPhase;
			buildActionMask = 2147483647;
			files = (
				8B1EA082169ED3A0004E4254 /* InfoPlist.strings in Resources */,
				8B1EA0CD169ED89F004E4254 /* scripts in Resources */,
				8B1EA0CF169ED92A004E4254 /* include in Resources */,
				8B1EA0D1169ED943004E4254 /* lib in Resources */,
				8B7C60A1174003F000805B95 /* Icon-72.png in Resources */,
				8BADC74B1936270400112CD1 /* Icon-Small-40@2x.png in Resources */,
				8BADC7471936270400112CD1 /* Icon-60@2x.png in Resources */,
				8B7C60A2174003F000805B95 /* Icon-72@2x.png in Resources */,
				8B7C60A3174003F000805B95 /* Icon-Small-50.png in Resources */,
				8B7C60A4174003F000805B95 /* Icon-Small-50@2x.png in Resources */,
				8BADC74A1936270400112CD1 /* Icon-Small-40.png in Resources */,
				8B7C60A5174003F000805B95 /* Icon-Small.png in Resources */,
				8B7C60A6174003F000805B95 /* Icon-Small@2x.png in Resources */,
				8B7C60A7174003F000805B95 /* Icon.png in Resources */,
				8B7C60A8174003F000805B95 /* Icon@2x.png in Resources */,
				8B7C60AE1740159E00805B95 /* Default-568h@2x.png in Resources */,
				8B7C60AF1740159E00805B95 /* Default-Landscape@2x~ipad.png in Resources */,
				8B7C60B01740159E00805B95 /* Default-Landscape~ipad.png in Resources */,
				8BADC7481936270400112CD1 /* Icon-76.png in Resources */,
				8B7C60B11740159E00805B95 /* Default.png in Resources */,
				8BADC7491936270400112CD1 /* Icon-76@2x.png in Resources */,
				8B7C60B21740159E00805B95 /* Default@2x.png in Resources */,
			);
			runOnlyForDeploymentPostprocessing = 0;
		};
/* End PBXResourcesBuildPhase section */

/* Begin PBXSourcesBuildPhase section */
		8B1EA06F169ED3A0004E4254 /* Sources */ = {
			isa = PBXSourcesBuildPhase;
			buildActionMask = 2147483647;
			files = (
				8B1EA095169ED444004E4254 /* main.c in Sources */,
				8B1EA09C169ED498004E4254 /* Helpers.m in Sources */,
			);
			runOnlyForDeploymentPostprocessing = 0;
		};
/* End PBXSourcesBuildPhase section */

/* Begin PBXVariantGroup section */
		8B1EA080169ED3A0004E4254 /* InfoPlist.strings */ = {
			isa = PBXVariantGroup;
			children = (
				8B1EA081169ED3A0004E4254 /* en */,
			);
			name = InfoPlist.strings;
			sourceTree = "<group>";
		};
/* End PBXVariantGroup section */

/* Begin XCBuildConfiguration section */
		8B1EA08F169ED3A0004E4254 /* Debug */ = {
			isa = XCBuildConfiguration;
			buildSettings = {
				ALWAYS_SEARCH_USER_PATHS = NO;
				CLANG_CXX_LANGUAGE_STANDARD = "gnu++0x";
				CLANG_CXX_LIBRARY = "libc++";
				CLANG_WARN_EMPTY_BODY = YES;
				CLANG_WARN__DUPLICATE_METHOD_MATCH = YES;
				"CODE_SIGN_IDENTITY[sdk=iphoneos*]" = "iPhone Developer";
				COPY_PHASE_STRIP = NO;
				GCC_C_LANGUAGE_STANDARD = gnu99;
				GCC_DYNAMIC_NO_PIC = NO;
				GCC_OPTIMIZATION_LEVEL = 0;
				GCC_PREPROCESSOR_DEFINITIONS = (
					"DEBUG=1",
					"$(inherited)",
				);
				GCC_SYMBOLS_PRIVATE_EXTERN = NO;
				GCC_WARN_ABOUT_RETURN_TYPE = YES;
				GCC_WARN_UNINITIALIZED_AUTOS = YES;
				GCC_WARN_UNUSED_VARIABLE = YES;
				IPHONEOS_DEPLOYMENT_TARGET = 6.0;
				ONLY_ACTIVE_ARCH = NO;
				OTHER_LDFLAGS = "";
				SDKROOT = iphoneos;
				TARGETED_DEVICE_FAMILY = "1,2";
			};
			name = Debug;
		};
		8B1EA090169ED3A0004E4254 /* Release */ = {
			isa = XCBuildConfiguration;
			buildSettings = {
				ALWAYS_SEARCH_USER_PATHS = NO;
				CLANG_CXX_LANGUAGE_STANDARD = "gnu++0x";
				CLANG_CXX_LIBRARY = "libc++";
				CLANG_WARN_EMPTY_BODY = YES;
				CLANG_WARN__DUPLICATE_METHOD_MATCH = YES;
				"CODE_SIGN_IDENTITY[sdk=iphoneos*]" = "iPhone Developer";
				COPY_PHASE_STRIP = YES;
				GCC_C_LANGUAGE_STANDARD = gnu99;
				GCC_WARN_ABOUT_RETURN_TYPE = YES;
				GCC_WARN_UNINITIALIZED_AUTOS = YES;
				GCC_WARN_UNUSED_VARIABLE = YES;
				IPHONEOS_DEPLOYMENT_TARGET = 6.0;
				OTHER_CFLAGS = "-DNS_BLOCK_ASSERTIONS=1";
				OTHER_LDFLAGS = "";
				SDKROOT = iphoneos;
				TARGETED_DEVICE_FAMILY = "1,2";
				VALIDATE_PRODUCT = YES;
			};
			name = Release;
		};
		8B1EA092169ED3A0004E4254 /* Debug */ = {
			isa = XCBuildConfiguration;
			buildSettings = {
				DEAD_CODE_STRIPPING = NO;
				GCC_PRECOMPILE_PREFIX_HEADER = NO;
				GCC_PREFIX_HEADER = "";
				HEADER_SEARCH_PATHS = (
					../dependencies/build/debug/include/SDL,
					../dependencies/build/debug/python/include,
					../dependencies/build/debug/include,
				);
				INFOPLIST_FILE = "##APPID##/##APPID##-Info.plist";
				LIBRARY_SEARCH_PATHS = (
					"$(inherited)",
					"\"$(SRCROOT)/../dependencies/build/debug/lib\"",
				);
				ONLY_ACTIVE_ARCH = NO;
				OTHER_LDFLAGS = (
					"-all_load",
					"-lavcodec",
					"-lavformat",
					"-lavutil",
					"-lfreetype",
					"-lfribidi",
					"-ljpeg",
					"-lpng12",
					"-lpygame",
					"-lpython2.7",
					"-lrenpy",
					"-lSDL",
					"-lSDL2_image",
					"-lSDL2_ttf",
					"-lswscale",
				);
				PRODUCT_NAME = "$(TARGET_NAME)";
				VALID_ARCHS = "arm64 armv7 armv7s";
				WRAPPER_EXTENSION = app;
			};
			name = Debug;
		};
		8B1EA093169ED3A0004E4254 /* Release */ = {
			isa = XCBuildConfiguration;
			buildSettings = {
				DEAD_CODE_STRIPPING = NO;
				GCC_PRECOMPILE_PREFIX_HEADER = NO;
				GCC_PREFIX_HEADER = "";
				HEADER_SEARCH_PATHS = (
					../dependencies/build/release/include/SDL,
					../dependencies/build/release/python/include,
					../dependencies/build/release/include,
				);
				INFOPLIST_FILE = "##APPID##/##APPID##-Info.plist";
				LIBRARY_SEARCH_PATHS = (
					"$(inherited)",
					"\"$(SRCROOT)/../dependencies/build/release/lib\"",
				);
				OTHER_LDFLAGS = (
					"-all_load",
					"-lavcodec",
					"-lavformat",
					"-lavutil",
					"-lfreetype",
					"-lfribidi",
					"-ljpeg",
					"-lpng12",
					"-lpygame",
					"-lpython2.7",
					"-lrenpy",
					"-lSDL",
					"-lSDL2_image",
					"-lSDL2_ttf",
					"-lswscale",
				);
				PRODUCT_NAME = "$(TARGET_NAME)";
				VALID_ARCHS = "arm64 armv7 armv7s";
				WRAPPER_EXTENSION = app;
			};
			name = Release;
		};
/* End XCBuildConfiguration section */

/* Begin XCConfigurationList section */
		8B1EA06D169ED3A0004E4254 /* Build configuration list for PBXProject "##APPID##" */ = {
			isa = XCConfigurationList;
			buildConfigurations = (
				8B1EA08F169ED3A0004E4254 /* Debug */,
				8B1EA090169ED3A0004E4254 /* Release */,
			);
			defaultConfigurationIsVisible = 0;
			defaultConfigurationName = Release;
		};
		8B1EA091169ED3A0004E4254 /* Build configuration list for PBXNativeTarget "##APPID##" */ = {
			isa = XCConfigurationList;
			buildConfigurations = (
				8B1EA092169ED3A0004E4254 /* Debug */,
				8B1EA093169ED3A0004E4254 /* Release */,
			);
			defaultConfigurationIsVisible = 0;
			defaultConfigurationName = Release;
		};
/* End XCConfigurationList section */
	};
	rootObject = 8B1EA06A169ED3A0004E4254 /* Project object */;
}
